
Microsoft Visual Studio Solution File, Format Version 12.00
# Visual Studio 2012
Project("{FAE04EC0-301F-11D3-BF4B-00C04F79EFBC}") = "GoFishClient", "GoFishClient\GoFishClient.csproj", "{338BDA08-CA01-4EAD-BB70-259BFAD63E8A}"
EndProject
Project("{FAE04EC0-301F-11D3-BF4B-00C04F79EFBC}") = "GoFishLibrary", "GoFishLibrary\GoFishLibrary.csproj", "{65A127BB-D682-41EC-9819-042A4A929AC0}"
EndProject
Project("{FAE04EC0-301F-11D3-BF4B-00C04F79EFBC}") = "GoFishService", "GoFishService\GoFishService.csproj", "{71D6C06D-AA7A-4F53-925D-AD0A466BC53A}"
EndProject
Global
	GlobalSection(SolutionConfigurationPlatforms) = preSolution
		Debug|Any CPU = Debug|Any CPU
		Release|Any CPU = Release|Any CPU
	EndGlobalSection
	GlobalSection(ProjectConfigurationPlatforms) = postSolution
		{338BDA08-CA01-4EAD-BB70-259BFAD63E8A}.Debug|Any CPU.ActiveCfg = Debug|Any CPU
		{338BDA08-CA01-4EAD-BB70-259BFAD63E8A}.Debug|Any CPU.Build.0 = Debug|Any CPU
		{338BDA08-CA01-4EAD-BB70-259BFAD63E8A}.Release|Any CPU.ActiveCfg = Release|Any CPU
		{338BDA08-CA01-4EAD-BB70-259BFAD63E8A}.Release|Any CPU.Build.0 = Release|Any CPU
		{65A127BB-D682-41EC-9819-042A4A929AC0}.Debug|Any CPU.ActiveCfg = Debug|Any CPU
		{65A127BB-D682-41EC-9819-042A4A929AC0}.Debug|Any CPU.Build.0 = Debug|Any CPU
		{65A127BB-D682-41EC-9819-042A4A929AC0}.Release|Any CPU.ActiveCfg = Release|Any CPU
		{65A127BB-D682-41EC-9819-042A4A929AC0}.Release|Any CPU.Build.0 = Release|Any CPU
		{71D6C06D-AA7A-4F53-925D-AD0A466BC53A}.Debug|Any CPU.ActiveCfg = Debug|Any CPU
		{71D6C06D-AA7A-4F53-925D-AD0A466BC53A}.Debug|Any CPU.Build.0 = Debug|Any CPU
		{71D6C06D-AA7A-4F53-925D-AD0A466BC53A}.Release|Any CPU.ActiveCfg = Release|Any CPU
		{71D6C06D-AA7A-4F53-925D-AD0A466BC53A}.Release|Any CPU.Build.0 = Release|Any CPU
	EndGlobalSection
	GlobalSection(SolutionProperties) = preSolution
		HideSolutionNode = FALSE
	EndGlobalSection
EndGlobal
