
Microsoft Visual Studio Solution File, Format Version 12.00
# Visual Studio 2012
Project("{FAE04EC0-301F-11D3-BF4B-00C04F79EFBC}") = "GolfClient", "GolfClient\GolfClient.csproj", "{70224AFC-6CC6-409E-AF29-F1AA240CB934}"
EndProject
Project("{FAE04EC0-301F-11D3-BF4B-00C04F79EFBC}") = "GolfService", "GolfService\GolfService.csproj", "{D4F80563-A1A6-44AA-B0EE-267338A18874}"
EndProject
Project("{FAE04EC0-301F-11D3-BF4B-00C04F79EFBC}") = "GolfLibrary", "GolfLibrary\GolfLibrary.csproj", "{0F94950A-5100-468D-83FB-FB87232D40F1}"
EndProject
Global
	GlobalSection(SolutionConfigurationPlatforms) = preSolution
		Debug|Any CPU = Debug|Any CPU
		Release|Any CPU = Release|Any CPU
	EndGlobalSection
	GlobalSection(ProjectConfigurationPlatforms) = postSolution
		{70224AFC-6CC6-409E-AF29-F1AA240CB934}.Debug|Any CPU.ActiveCfg = Debug|Any CPU
		{70224AFC-6CC6-409E-AF29-F1AA240CB934}.Debug|Any CPU.Build.0 = Debug|Any CPU
		{70224AFC-6CC6-409E-AF29-F1AA240CB934}.Release|Any CPU.ActiveCfg = Release|Any CPU
		{70224AFC-6CC6-409E-AF29-F1AA240CB934}.Release|Any CPU.Build.0 = Release|Any CPU
		{D4F80563-A1A6-44AA-B0EE-267338A18874}.Debug|Any CPU.ActiveCfg = Debug|Any CPU
		{D4F80563-A1A6-44AA-B0EE-267338A18874}.Debug|Any CPU.Build.0 = Debug|Any CPU
		{D4F80563-A1A6-44AA-B0EE-267338A18874}.Release|Any CPU.ActiveCfg = Release|Any CPU
		{D4F80563-A1A6-44AA-B0EE-267338A18874}.Release|Any CPU.Build.0 = Release|Any CPU
		{0F94950A-5100-468D-83FB-FB87232D40F1}.Debug|Any CPU.ActiveCfg = Debug|Any CPU
		{0F94950A-5100-468D-83FB-FB87232D40F1}.Debug|Any CPU.Build.0 = Debug|Any CPU
		{0F94950A-5100-468D-83FB-FB87232D40F1}.Release|Any CPU.ActiveCfg = Release|Any CPU
		{0F94950A-5100-468D-83FB-FB87232D40F1}.Release|Any CPU.Build.0 = Release|Any CPU
	EndGlobalSection
	GlobalSection(SolutionProperties) = preSolution
		HideSolutionNode = FALSE
	EndGlobalSection
EndGlobal
